
Microsoft Visual Studio Solution File, Format Version 12.00
# Visual Studio 15
VisualStudioVersion = 15.0.27703.2047
MinimumVisualStudioVersion = 10.0.40219.1
Project("{FAE04EC0-301F-11D3-BF4B-00C04F79EFBC}") = "Homework1", "Homework1\Homework1.csproj", "{5526FB9A-1974-44C5-85F9-A46C9B5BD9A2}"
EndProject
Global
	GlobalSection(SolutionConfigurationPlatforms) = preSolution
		Debug|Any CPU = Debug|Any CPU
		Release|Any CPU = Release|Any CPU
	EndGlobalSection
	GlobalSection(ProjectConfigurationPlatforms) = postSolution
		{5526FB9A-1974-44C5-85F9-A46C9B5BD9A2}.Debug|Any CPU.ActiveCfg = Debug|Any CPU
		{5526FB9A-1974-44C5-85F9-A46C9B5BD9A2}.Debug|Any CPU.Build.0 = Debug|Any CPU
		{5526FB9A-1974-44C5-85F9-A46C9B5BD9A2}.Release|Any CPU.ActiveCfg = Release|Any CPU
		{5526FB9A-1974-44C5-85F9-A46C9B5BD9A2}.Release|Any CPU.Build.0 = Release|Any CPU
	EndGlobalSection
	GlobalSection(SolutionProperties) = preSolution
		HideSolutionNode = FALSE
	EndGlobalSection
	GlobalSection(ExtensibilityGlobals) = postSolution
		SolutionGuid = {EB7C59F4-D55F-47DB-926D-BCBDB7EFCD3E}
	EndGlobalSection
EndGlobal
