
Microsoft Visual Studio Solution File, Format Version 12.00
# Visual Studio 15
VisualStudioVersion = 15.0.27703.2047
MinimumVisualStudioVersion = 10.0.40219.1
Project("{FAE04EC0-301F-11D3-BF4B-00C04F79EFBC}") = "Homework3", "Homework3\Homework3.csproj", "{40B1496D-9B0B-4750-80F3-EA21211BA787}"
EndProject
Global
	GlobalSection(SolutionConfigurationPlatforms) = preSolution
		Debug|Any CPU = Debug|Any CPU
		Release|Any CPU = Release|Any CPU
	EndGlobalSection
	GlobalSection(ProjectConfigurationPlatforms) = postSolution
		{40B1496D-9B0B-4750-80F3-EA21211BA787}.Debug|Any CPU.ActiveCfg = Debug|Any CPU
		{40B1496D-9B0B-4750-80F3-EA21211BA787}.Debug|Any CPU.Build.0 = Debug|Any CPU
		{40B1496D-9B0B-4750-80F3-EA21211BA787}.Release|Any CPU.ActiveCfg = Release|Any CPU
		{40B1496D-9B0B-4750-80F3-EA21211BA787}.Release|Any CPU.Build.0 = Release|Any CPU
	EndGlobalSection
	GlobalSection(SolutionProperties) = preSolution
		HideSolutionNode = FALSE
	EndGlobalSection
	GlobalSection(ExtensibilityGlobals) = postSolution
		SolutionGuid = {84EFB556-0778-4D6B-995E-45B56DF74D6E}
	EndGlobalSection
EndGlobal
