
Microsoft Visual Studio Solution File, Format Version 12.00
# Visual Studio 15
VisualStudioVersion = 15.0.27703.2047
MinimumVisualStudioVersion = 10.0.40219.1
Project("{FAE04EC0-301F-11D3-BF4B-00C04F79EFBC}") = "Homework4app", "Homework4app\Homework4app.csproj", "{FC9563FE-4891-42A4-A72A-42330DEF359D}"
EndProject
Global
	GlobalSection(SolutionConfigurationPlatforms) = preSolution
		Debug|Any CPU = Debug|Any CPU
		Release|Any CPU = Release|Any CPU
	EndGlobalSection
	GlobalSection(ProjectConfigurationPlatforms) = postSolution
		{FC9563FE-4891-42A4-A72A-42330DEF359D}.Debug|Any CPU.ActiveCfg = Debug|Any CPU
		{FC9563FE-4891-42A4-A72A-42330DEF359D}.Debug|Any CPU.Build.0 = Debug|Any CPU
		{FC9563FE-4891-42A4-A72A-42330DEF359D}.Release|Any CPU.ActiveCfg = Release|Any CPU
		{FC9563FE-4891-42A4-A72A-42330DEF359D}.Release|Any CPU.Build.0 = Release|Any CPU
	EndGlobalSection
	GlobalSection(SolutionProperties) = preSolution
		HideSolutionNode = FALSE
	EndGlobalSection
	GlobalSection(ExtensibilityGlobals) = postSolution
		SolutionGuid = {BBD635F7-A816-4FF7-B6F1-7CA138821612}
	EndGlobalSection
EndGlobal
